
Microsoft Visual Studio Solution File, Format Version 12.00
# Visual Studio Version 17
VisualStudioVersion = 17.9.34902.65
MinimumVisualStudioVersion = 10.0.40219.1
Project("{8BC9CEB8-8B4A-11D0-8D11-00A0C91BC942}") = "Server", "Server\Server.vcxproj", "{5C5F6A8D-097A-40A5-A234-EC4645252459}"
EndProject
Global
	GlobalSection(SolutionConfigurationPlatforms) = preSolution
		Debug|x64 = Debug|x64
		Debug|x86 = Debug|x86
		Release|x64 = Release|x64
		Release|x86 = Release|x86
	EndGlobalSection
	GlobalSection(ProjectConfigurationPlatforms) = postSolution
		{5C5F6A8D-097A-40A5-A234-EC4645252459}.Debug|x64.ActiveCfg = Debug|x64
		{5C5F6A8D-097A-40A5-A234-EC4645252459}.Debug|x64.Build.0 = Debug|x64
		{5C5F6A8D-097A-40A5-A234-EC4645252459}.Debug|x86.ActiveCfg = Debug|Win32
		{5C5F6A8D-097A-40A5-A234-EC4645252459}.Debug|x86.Build.0 = Debug|Win32
		{5C5F6A8D-097A-40A5-A234-EC4645252459}.Release|x64.ActiveCfg = Release|x64
		{5C5F6A8D-097A-40A5-A234-EC4645252459}.Release|x64.Build.0 = Release|x64
		{5C5F6A8D-097A-40A5-A234-EC4645252459}.Release|x86.ActiveCfg = Release|Win32
		{5C5F6A8D-097A-40A5-A234-EC4645252459}.Release|x86.Build.0 = Release|Win32
	EndGlobalSection
	GlobalSection(SolutionProperties) = preSolution
		HideSolutionNode = FALSE
	EndGlobalSection
	GlobalSection(ExtensibilityGlobals) = postSolution
		SolutionGuid = {132C3156-CE4D-496D-B543-82442E7143C4}
	EndGlobalSection
EndGlobal
